// !$*UTF8*$!
{
	archiveVersion = 1;
	classes = {
	};
	objectVersion = 56;
	objects = {

/* Begin PBXBuildFile section */
		395A941F2A51B0F20071FEB8 /* SwiftUITodoAppApp.swift in Sources */ = {isa = PBXBuildFile; fileRef = 395A941E2A51B0F20071FEB8 /* SwiftUITodoAppApp.swift */; };
		395A94232A51B0F20071FEB8 /* Assets.xcassets in Resources */ = {isa = PBXBuildFile; fileRef = 395A94222A51B0F20071FEB8 /* Assets.xcassets */; };
		395A94272A51B0F20071FEB8 /* Preview Assets.xcassets in Resources */ = {isa = PBXBuildFile; fileRef = 395A94262A51B0F20071FEB8 /* Preview Assets.xcassets */; };
		395A94332A51B1260071FEB8 /* TodoFormSheet.swift in Sources */ = {isa = PBXBuildFile; fileRef = 395A942E2A51B1260071FEB8 /* TodoFormSheet.swift */; };
		395A94342A51B1260071FEB8 /* TodoListItem.swift in Sources */ = {isa = PBXBuildFile; fileRef = 395A942F2A51B1260071FEB8 /* TodoListItem.swift */; };
		395A94352A51B1260071FEB8 /* TodoListScreen.swift in Sources */ = {isa = PBXBuildFile; fileRef = 395A94302A51B1260071FEB8 /* TodoListScreen.swift */; };
		395A943A2A51B15A0071FEB8 /* LottieUI in Frameworks */ = {isa = PBXBuildFile; productRef = 395A94392A51B15A0071FEB8 /* LottieUI */; };
		395A943E2A51B1B90071FEB8 /* Empty.json in Resources */ = {isa = PBXBuildFile; fileRef = 395A943D2A51B1B90071FEB8 /* Empty.json */; };
		3992BC1B2A5DA1490042D122 /* TodoItem.swift in Sources */ = {isa = PBXBuildFile; fileRef = 3992BC1A2A5DA1490042D122 /* TodoItem.swift */; };
		3999D67B2A5EEBDE00790723 /* PreviewSampleData.swift in Sources */ = {isa = PBXBuildFile; fileRef = 3999D67A2A5EEBDE00790723 /* PreviewSampleData.swift */; };
/* End PBXBuildFile section */

/* Begin PBXFileReference section */
		395A941B2A51B0F20071FEB8 /* SwiftUITodoApp.app */ = {isa = PBXFileReference; explicitFileType = wrapper.application; includeInIndex = 0; path = SwiftUITodoApp.app; sourceTree = BUILT_PRODUCTS_DIR; };
		395A941E2A51B0F20071FEB8 /* SwiftUITodoAppApp.swift */ = {isa = PBXFileReference; lastKnownFileType = sourcecode.swift; path = SwiftUITodoAppApp.swift; sourceTree = "<group>"; };
		395A94222A51B0F20071FEB8 /* Assets.xcassets */ = {isa = PBXFileReference; lastKnownFileType = folder.assetcatalog; path = Assets.xcassets; sourceTree = "<group>"; };
		395A94242A51B0F20071FEB8 /* SwiftUITodoApp.entitlements */ = {isa = PBXFileReference; lastKnownFileType = text.plist.entitlements; path = SwiftUITodoApp.entitlements; sourceTree = "<group>"; };
		395A94262A51B0F20071FEB8 /* Preview Assets.xcassets */ = {isa = PBXFileReference; lastKnownFileType = folder.assetcatalog; path = "Preview Assets.xcassets"; sourceTree = "<group>"; };
		395A942E2A51B1260071FEB8 /* TodoFormSheet.swift */ = {isa = PBXFileReference; fileEncoding = 4; lastKnownFileType = sourcecode.swift; path = TodoFormSheet.swift; sourceTree = "<group>"; };
		395A942F2A51B1260071FEB8 /* TodoListItem.swift */ = {isa = PBXFileReference; fileEncoding = 4; lastKnownFileType = sourcecode.swift; path = TodoListItem.swift; sourceTree = "<group>"; };
		395A94302A51B1260071FEB8 /* TodoListScreen.swift */ = {isa = PBXFileReference; fileEncoding = 4; lastKnownFileType = sourcecode.swift; path = TodoListScreen.swift; sourceTree = "<group>"; };
		395A943D2A51B1B90071FEB8 /* Empty.json */ = {isa = PBXFileReference; fileEncoding = 4; lastKnownFileType = text.json; path = Empty.json; sourceTree = "<group>"; };
		3992BC1A2A5DA1490042D122 /* TodoItem.swift */ = {isa = PBXFileReference; lastKnownFileType = sourcecode.swift; path = TodoItem.swift; sourceTree = "<group>"; };
		3999D67A2A5EEBDE00790723 /* PreviewSampleData.swift */ = {isa = PBXFileReference; lastKnownFileType = sourcecode.swift; path = PreviewSampleData.swift; sourceTree = "<group>"; };
/* End PBXFileReference section */

/* Begin PBXFrameworksBuildPhase section */
		395A94182A51B0F20071FEB8 /* Frameworks */ = {
			isa = PBXFrameworksBuildPhase;
			buildActionMask = 2147483647;
			files = (
				395A943A2A51B15A0071FEB8 /* LottieUI in Frameworks */,
			);
			runOnlyForDeploymentPostprocessing = 0;
		};
/* End PBXFrameworksBuildPhase section */

/* Begin PBXGroup section */
		395A94122A51B0F10071FEB8 = {
			isa = PBXGroup;
			children = (
				395A941D2A51B0F20071FEB8 /* SwiftUITodoApp */,
				395A941C2A51B0F20071FEB8 /* Products */,
			);
			sourceTree = "<group>";
		};
		395A941C2A51B0F20071FEB8 /* Products */ = {
			isa = PBXGroup;
			children = (
				395A941B2A51B0F20071FEB8 /* SwiftUITodoApp.app */,
			);
			name = Products;
			sourceTree = "<group>";
		};
		395A941D2A51B0F20071FEB8 /* SwiftUITodoApp */ = {
			isa = PBXGroup;
			children = (
				39D40BA92A60341900404804 /* Screens */,
				3999D6792A5EEBB500790723 /* Support */,
				395A943C2A51B1850071FEB8 /* Assets */,
				395A943B2A51B16E0071FEB8 /* Models */,
				395A942D2A51B1000071FEB8 /* Views */,
				395A941E2A51B0F20071FEB8 /* SwiftUITodoAppApp.swift */,
				395A94222A51B0F20071FEB8 /* Assets.xcassets */,
				395A94242A51B0F20071FEB8 /* SwiftUITodoApp.entitlements */,
				395A94252A51B0F20071FEB8 /* Preview Content */,
			);
			path = SwiftUITodoApp;
			sourceTree = "<group>";
		};
		395A94252A51B0F20071FEB8 /* Preview Content */ = {
			isa = PBXGroup;
			children = (
				395A94262A51B0F20071FEB8 /* Preview Assets.xcassets */,
			);
			path = "Preview Content";
			sourceTree = "<group>";
		};
		395A942D2A51B1000071FEB8 /* Views */ = {
			isa = PBXGroup;
			children = (
				395A942E2A51B1260071FEB8 /* TodoFormSheet.swift */,
				395A942F2A51B1260071FEB8 /* TodoListItem.swift */,
			);
			path = Views;
			sourceTree = "<group>";
		};
		395A943B2A51B16E0071FEB8 /* Models */ = {
			isa = PBXGroup;
			children = (
				3992BC1A2A5DA1490042D122 /* TodoItem.swift */,
			);
			path = Models;
			sourceTree = "<group>";
		};
		395A943C2A51B1850071FEB8 /* Assets */ = {
			isa = PBXGroup;
			children = (
				395A943D2A51B1B90071FEB8 /* Empty.json */,
			);
			path = Assets;
			sourceTree = "<group>";
		};
		3999D6792A5EEBB500790723 /* Support */ = {
			isa = PBXGroup;
			children = (
				3999D67A2A5EEBDE00790723 /* PreviewSampleData.swift */,
			);
			path = Support;
			sourceTree = "<group>";
		};
		39D40BA92A60341900404804 /* Screens */ = {
			isa = PBXGroup;
			children = (
				395A94302A51B1260071FEB8 /* TodoListScreen.swift */,
			);
			path = Screens;
			sourceTree = "<group>";
		};
/* End PBXGroup section */

/* Begin PBXNativeTarget section */
		395A941A2A51B0F20071FEB8 /* SwiftUITodoApp */ = {
			isa = PBXNativeTarget;
			buildConfigurationList = 395A942A2A51B0F20071FEB8 /* Build configuration list for PBXNativeTarget "SwiftUITodoApp" */;
			buildPhases = (
				395A94172A51B0F20071FEB8 /* Sources */,
				395A94182A51B0F20071FEB8 /* Frameworks */,
				395A94192A51B0F20071FEB8 /* Resources */,
			);
			buildRules = (
			);
			dependencies = (
			);
			name = SwiftUITodoApp;
			packageProductDependencies = (
				395A94392A51B15A0071FEB8 /* LottieUI */,
			);
			productName = SwiftUITodoApp;
			productReference = 395A941B2A51B0F20071FEB8 /* SwiftUITodoApp.app */;
			productType = "com.apple.product-type.application";
		};
/* End PBXNativeTarget section */

/* Begin PBXProject section */
		395A94132A51B0F10071FEB8 /* Project object */ = {
			isa = PBXProject;
			attributes = {
				BuildIndependentTargetsInParallel = 1;
				LastSwiftUpdateCheck = 1430;
				LastUpgradeCheck = 1500;
				TargetAttributes = {
					395A941A2A51B0F20071FEB8 = {
						CreatedOnToolsVersion = 14.3.1;
					};
				};
			};
			buildConfigurationList = 395A94162A51B0F10071FEB8 /* Build configuration list for PBXProject "SwiftUITodoApp" */;
			compatibilityVersion = "Xcode 14.0";
			developmentRegion = en;
			hasScannedForEncodings = 0;
			knownRegions = (
				en,
				Base,
			);
			mainGroup = 395A94122A51B0F10071FEB8;
			packageReferences = (
				395A94382A51B15A0071FEB8 /* XCRemoteSwiftPackageReference "LottieUI" */,
			);
			productRefGroup = 395A941C2A51B0F20071FEB8 /* Products */;
			projectDirPath = "";
			projectRoot = "";
			targets = (
				395A941A2A51B0F20071FEB8 /* SwiftUITodoApp */,
			);
		};
/* End PBXProject section */

/* Begin PBXResourcesBuildPhase section */
		395A94192A51B0F20071FEB8 /* Resources */ = {
			isa = PBXResourcesBuildPhase;
			buildActionMask = 2147483647;
			files = (
				395A94272A51B0F20071FEB8 /* Preview Assets.xcassets in Resources */,
				395A94232A51B0F20071FEB8 /* Assets.xcassets in Resources */,
				395A943E2A51B1B90071FEB8 /* Empty.json in Resources */,
			);
			runOnlyForDeploymentPostprocessing = 0;
		};
/* End PBXResourcesBuildPhase section */

/* Begin PBXSourcesBuildPhase section */
		395A94172A51B0F20071FEB8 /* Sources */ = {
			isa = PBXSourcesBuildPhase;
			buildActionMask = 2147483647;
			files = (
				3999D67B2A5EEBDE00790723 /* PreviewSampleData.swift in Sources */,
				395A941F2A51B0F20071FEB8 /* SwiftUITodoAppApp.swift in Sources */,
				395A94352A51B1260071FEB8 /* TodoListScreen.swift in Sources */,
				395A94342A51B1260071FEB8 /* TodoListItem.swift in Sources */,
				3992BC1B2A5DA1490042D122 /* TodoItem.swift in Sources */,
				395A94332A51B1260071FEB8 /* TodoFormSheet.swift in Sources */,
			);
			runOnlyForDeploymentPostprocessing = 0;
		};
/* End PBXSourcesBuildPhase section */

/* Begin XCBuildConfiguration section */
		395A94282A51B0F20071FEB8 /* Debug */ = {
			isa = XCBuildConfiguration;
			buildSettings = {
				ALWAYS_SEARCH_USER_PATHS = NO;
				CLANG_ANALYZER_NONNULL = YES;
				CLANG_ANALYZER_NUMBER_OBJECT_CONVERSION = YES_AGGRESSIVE;
				CLANG_CXX_LANGUAGE_STANDARD = "gnu++20";
				CLANG_ENABLE_MODULES = YES;
				CLANG_ENABLE_OBJC_ARC = YES;
				CLANG_ENABLE_OBJC_WEAK = YES;
				CLANG_WARN_BLOCK_CAPTURE_AUTORELEASING = YES;
				CLANG_WARN_BOOL_CONVERSION = YES;
				CLANG_WARN_COMMA = YES;
				CLANG_WARN_CONSTANT_CONVERSION = YES;
				CLANG_WARN_DEPRECATED_OBJC_IMPLEMENTATIONS = YES;
				CLANG_WARN_DIRECT_OBJC_ISA_USAGE = YES_ERROR;
				CLANG_WARN_DOCUMENTATION_COMMENTS = YES;
				CLANG_WARN_EMPTY_BODY = YES;
				CLANG_WARN_ENUM_CONVERSION = YES;
				CLANG_WARN_INFINITE_RECURSION = YES;
				CLANG_WARN_INT_CONVERSION = YES;
				CLANG_WARN_NON_LITERAL_NULL_CONVERSION = YES;
				CLANG_WARN_OBJC_IMPLICIT_RETAIN_SELF = YES;
				CLANG_WARN_OBJC_LITERAL_CONVERSION = YES;
				CLANG_WARN_OBJC_ROOT_CLASS = YES_ERROR;
				CLANG_WARN_QUOTED_INCLUDE_IN_FRAMEWORK_HEADER = YES;
				CLANG_WARN_RANGE_LOOP_ANALYSIS = YES;
				CLANG_WARN_STRICT_PROTOTYPES = YES;
				CLANG_WARN_SUSPICIOUS_MOVE = YES;
				CLANG_WARN_UNGUARDED_AVAILABILITY = YES_AGGRESSIVE;
				CLANG_WARN_UNREACHABLE_CODE = YES;
				CLANG_WARN__DUPLICATE_METHOD_MATCH = YES;
				COPY_PHASE_STRIP = NO;
				DEAD_CODE_STRIPPING = YES;
				DEBUG_INFORMATION_FORMAT = dwarf;
				ENABLE_STRICT_OBJC_MSGSEND = YES;
				ENABLE_TESTABILITY = YES;
				ENABLE_USER_SCRIPT_SANDBOXING = YES;
				GCC_C_LANGUAGE_STANDARD = gnu11;
				GCC_DYNAMIC_NO_PIC = NO;
				GCC_NO_COMMON_BLOCKS = YES;
				GCC_OPTIMIZATION_LEVEL = 0;
				GCC_PREPROCESSOR_DEFINITIONS = (
					"DEBUG=1",
					"$(inherited)",
				);
				GCC_WARN_64_TO_32_BIT_CONVERSION = YES;
				GCC_WARN_ABOUT_RETURN_TYPE = YES_ERROR;
				GCC_WARN_UNDECLARED_SELECTOR = YES;
				GCC_WARN_UNINITIALIZED_AUTOS = YES_AGGRESSIVE;
				GCC_WARN_UNUSED_FUNCTION = YES;
				GCC_WARN_UNUSED_VARIABLE = YES;
				MTL_ENABLE_DEBUG_INFO = INCLUDE_SOURCE;
				MTL_FAST_MATH = YES;
				ONLY_ACTIVE_ARCH = YES;
				SWIFT_ACTIVE_COMPILATION_CONDITIONS = DEBUG;
				SWIFT_OPTIMIZATION_LEVEL = "-Onone";
				SWIFT_VERSION = "";
			};
			name = Debug;
		};
		395A94292A51B0F20071FEB8 /* Release */ = {
			isa = XCBuildConfiguration;
			buildSettings = {
				ALWAYS_SEARCH_USER_PATHS = NO;
				CLANG_ANALYZER_NONNULL = YES;
				CLANG_ANALYZER_NUMBER_OBJECT_CONVERSION = YES_AGGRESSIVE;
				CLANG_CXX_LANGUAGE_STANDARD = "gnu++20";
				CLANG_ENABLE_MODULES = YES;
				CLANG_ENABLE_OBJC_ARC = YES;
				CLANG_ENABLE_OBJC_WEAK = YES;
				CLANG_WARN_BLOCK_CAPTURE_AUTORELEASING = YES;
				CLANG_WARN_BOOL_CONVERSION = YES;
				CLANG_WARN_COMMA = YES;
				CLANG_WARN_CONSTANT_CONVERSION = YES;
				CLANG_WARN_DEPRECATED_OBJC_IMPLEMENTATIONS = YES;
				CLANG_WARN_DIRECT_OBJC_ISA_USAGE = YES_ERROR;
				CLANG_WARN_DOCUMENTATION_COMMENTS = YES;
				CLANG_WARN_EMPTY_BODY = YES;
				CLANG_WARN_ENUM_CONVERSION = YES;
				CLANG_WARN_INFINITE_RECURSION = YES;
				CLANG_WARN_INT_CONVERSION = YES;
				CLANG_WARN_NON_LITERAL_NULL_CONVERSION = YES;
				CLANG_WARN_OBJC_IMPLICIT_RETAIN_SELF = YES;
				CLANG_WARN_OBJC_LITERAL_CONVERSION = YES;
				CLANG_WARN_OBJC_ROOT_CLASS = YES_ERROR;
				CLANG_WARN_QUOTED_INCLUDE_IN_FRAMEWORK_HEADER = YES;
				CLANG_WARN_RANGE_LOOP_ANALYSIS = YES;
				CLANG_WARN_STRICT_PROTOTYPES = YES;
				CLANG_WARN_SUSPICIOUS_MOVE = YES;
				CLANG_WARN_UNGUARDED_AVAILABILITY = YES_AGGRESSIVE;
				CLANG_WARN_UNREACHABLE_CODE = YES;
				CLANG_WARN__DUPLICATE_METHOD_MATCH = YES;
				COPY_PHASE_STRIP = NO;
				DEAD_CODE_STRIPPING = YES;
				DEBUG_INFORMATION_FORMAT = "dwarf-with-dsym";
				ENABLE_NS_ASSERTIONS = NO;
				ENABLE_STRICT_OBJC_MSGSEND = YES;
				ENABLE_USER_SCRIPT_SANDBOXING = YES;
				GCC_C_LANGUAGE_STANDARD = gnu11;
				GCC_NO_COMMON_BLOCKS = YES;
				GCC_WARN_64_TO_32_BIT_CONVERSION = YES;
				GCC_WARN_ABOUT_RETURN_TYPE = YES_ERROR;
				GCC_WARN_UNDECLARED_SELECTOR = YES;
				GCC_WARN_UNINITIALIZED_AUTOS = YES_AGGRESSIVE;
				GCC_WARN_UNUSED_FUNCTION = YES;
				GCC_WARN_UNUSED_VARIABLE = YES;
				MTL_ENABLE_DEBUG_INFO = NO;
				MTL_FAST_MATH = YES;
				SWIFT_COMPILATION_MODE = wholemodule;
				SWIFT_OPTIMIZATION_LEVEL = "-O";
				SWIFT_VERSION = "";
			};
			name = Release;
		};
		395A942B2A51B0F20071FEB8 /* Debug */ = {
			isa = XCBuildConfiguration;
			buildSettings = {
				ASSETCATALOG_COMPILER_APPICON_NAME = AppIcon;
				ASSETCATALOG_COMPILER_GLOBAL_ACCENT_COLOR_NAME = AccentColor;
				CODE_SIGN_ENTITLEMENTS = SwiftUITodoApp/SwiftUITodoApp.entitlements;
				CODE_SIGN_STYLE = Automatic;
				CURRENT_PROJECT_VERSION = 1;
				DEAD_CODE_STRIPPING = YES;
				DEVELOPMENT_ASSET_PATHS = "\"SwiftUITodoApp/Preview Content\"";
				DEVELOPMENT_TEAM = 9WP43YN8J5;
				ENABLE_HARDENED_RUNTIME = YES;
				ENABLE_PREVIEWS = YES;
				GENERATE_INFOPLIST_FILE = YES;
				"INFOPLIST_KEY_UIApplicationSceneManifest_Generation[sdk=iphoneos*]" = YES;
				"INFOPLIST_KEY_UIApplicationSceneManifest_Generation[sdk=iphonesimulator*]" = YES;
				"INFOPLIST_KEY_UIApplicationSupportsIndirectInputEvents[sdk=iphoneos*]" = YES;
				"INFOPLIST_KEY_UIApplicationSupportsIndirectInputEvents[sdk=iphonesimulator*]" = YES;
				"INFOPLIST_KEY_UILaunchScreen_Generation[sdk=iphoneos*]" = YES;
				"INFOPLIST_KEY_UILaunchScreen_Generation[sdk=iphonesimulator*]" = YES;
				"INFOPLIST_KEY_UIStatusBarStyle[sdk=iphoneos*]" = UIStatusBarStyleDefault;
				"INFOPLIST_KEY_UIStatusBarStyle[sdk=iphonesimulator*]" = UIStatusBarStyleDefault;
				INFOPLIST_KEY_UISupportedInterfaceOrientations_iPad = "UIInterfaceOrientationPortrait UIInterfaceOrientationPortraitUpsideDown UIInterfaceOrientationLandscapeLeft UIInterfaceOrientationLandscapeRight";
				INFOPLIST_KEY_UISupportedInterfaceOrientations_iPhone = "UIInterfaceOrientationPortrait UIInterfaceOrientationLandscapeLeft UIInterfaceOrientationLandscapeRight";
				IPHONEOS_DEPLOYMENT_TARGET = 17.0;
				LD_RUNPATH_SEARCH_PATHS = "@executable_path/Frameworks";
				"LD_RUNPATH_SEARCH_PATHS[sdk=macosx*]" = "@executable_path/../Frameworks";
				MACOSX_DEPLOYMENT_TARGET = 13.3;
				MARKETING_VERSION = 1.0;
				PRODUCT_BUNDLE_IDENTIFIER = com.lcw.SwiftUITodoApp;
				PRODUCT_NAME = "$(TARGET_NAME)";
				SDKROOT = auto;
				SUPPORTED_PLATFORMS = "iphoneos iphonesimulator";
				SUPPORTS_MACCATALYST = NO;
				SUPPORTS_MAC_DESIGNED_FOR_IPHONE_IPAD = NO;
				SUPPORTS_XR_DESIGNED_FOR_IPHONE_IPAD = YES;
				SWIFT_EMIT_LOC_STRINGS = YES;
				SWIFT_VERSION = 5.0;
				TARGETED_DEVICE_FAMILY = "1,2,7";
			};
			name = Debug;
		};
		395A942C2A51B0F20071FEB8 /* Release */ = {
			isa = XCBuildConfiguration;
			buildSettings = {
				ASSETCATALOG_COMPILER_APPICON_NAME = AppIcon;
				ASSETCATALOG_COMPILER_GLOBAL_ACCENT_COLOR_NAME = AccentColor;
				CODE_SIGN_ENTITLEMENTS = SwiftUITodoApp/SwiftUITodoApp.entitlements;
				CODE_SIGN_STYLE = Automatic;
				CURRENT_PROJECT_VERSION = 1;
				DEAD_CODE_STRIPPING = YES;
				DEVELOPMENT_ASSET_PATHS = "\"SwiftUITodoApp/Preview Content\"";
				DEVELOPMENT_TEAM = 9WP43YN8J5;
				ENABLE_HARDENED_RUNTIME = YES;
				ENABLE_PREVIEWS = YES;
				GENERATE_INFOPLIST_FILE = YES;
				"INFOPLIST_KEY_UIApplicationSceneManifest_Generation[sdk=iphoneos*]" = YES;
				"INFOPLIST_KEY_UIApplicationSceneManifest_Generation[sdk=iphonesimulator*]" = YES;
				"INFOPLIST_KEY_UIApplicationSupportsIndirectInputEvents[sdk=iphoneos*]" = YES;
				"INFOPLIST_KEY_UIApplicationSupportsIndirectInputEvents[sdk=iphonesimulator*]" = YES;
				"INFOPLIST_KEY_UILaunchScreen_Generation[sdk=iphoneos*]" = YES;
				"INFOPLIST_KEY_UILaunchScreen_Generation[sdk=iphonesimulator*]" = YES;
				"INFOPLIST_KEY_UIStatusBarStyle[sdk=iphoneos*]" = UIStatusBarStyleDefault;
				"INFOPLIST_KEY_UIStatusBarStyle[sdk=iphonesimulator*]" = UIStatusBarStyleDefault;
				INFOPLIST_KEY_UISupportedInterfaceOrientations_iPad = "UIInterfaceOrientationPortrait UIInterfaceOrientationPortraitUpsideDown UIInterfaceOrientationLandscapeLeft UIInterfaceOrientationLandscapeRight";
				INFOPLIST_KEY_UISupportedInterfaceOrientations_iPhone = "UIInterfaceOrientationPortrait UIInterfaceOrientationLandscapeLeft UIInterfaceOrientationLandscapeRight";
				IPHONEOS_DEPLOYMENT_TARGET = 17.0;
				LD_RUNPATH_SEARCH_PATHS = "@executable_path/Frameworks";
				"LD_RUNPATH_SEARCH_PATHS[sdk=macosx*]" = "@executable_path/../Frameworks";
				MACOSX_DEPLOYMENT_TARGET = 13.3;
				MARKETING_VERSION = 1.0;
				PRODUCT_BUNDLE_IDENTIFIER = com.lcw.SwiftUITodoApp;
				PRODUCT_NAME = "$(TARGET_NAME)";
				SDKROOT = auto;
				SUPPORTED_PLATFORMS = "iphoneos iphonesimulator";
				SUPPORTS_MACCATALYST = NO;
				SUPPORTS_MAC_DESIGNED_FOR_IPHONE_IPAD = NO;
				SUPPORTS_XR_DESIGNED_FOR_IPHONE_IPAD = YES;
				SWIFT_EMIT_LOC_STRINGS = YES;
				SWIFT_VERSION = 5.0;
				TARGETED_DEVICE_FAMILY = "1,2,7";
			};
			name = Release;
		};
/* End XCBuildConfiguration section */

/* Begin XCConfigurationList section */
		395A94162A51B0F10071FEB8 /* Build configuration list for PBXProject "SwiftUITodoApp" */ = {
			isa = XCConfigurationList;
			buildConfigurations = (
				395A94282A51B0F20071FEB8 /* Debug */,
				395A94292A51B0F20071FEB8 /* Release */,
			);
			defaultConfigurationIsVisible = 0;
			defaultConfigurationName = Release;
		};
		395A942A2A51B0F20071FEB8 /* Build configuration list for PBXNativeTarget "SwiftUITodoApp" */ = {
			isa = XCConfigurationList;
			buildConfigurations = (
				395A942B2A51B0F20071FEB8 /* Debug */,
				395A942C2A51B0F20071FEB8 /* Release */,
			);
			defaultConfigurationIsVisible = 0;
			defaultConfigurationName = Release;
		};
/* End XCConfigurationList section */

/* Begin XCRemoteSwiftPackageReference section */
		395A94382A51B15A0071FEB8 /* XCRemoteSwiftPackageReference "LottieUI" */ = {
			isa = XCRemoteSwiftPackageReference;
			repositoryURL = "https://github.com/jasudev/LottieUI.git";
			requirement = {
				kind = revision;
				revision = 0cd5b54a1c8467b19c01f56395aec179087b62e2;
			};
		};
/* End XCRemoteSwiftPackageReference section */

/* Begin XCSwiftPackageProductDependency section */
		395A94392A51B15A0071FEB8 /* LottieUI */ = {
			isa = XCSwiftPackageProductDependency;
			package = 395A94382A51B15A0071FEB8 /* XCRemoteSwiftPackageReference "LottieUI" */;
			productName = LottieUI;
		};
/* End XCSwiftPackageProductDependency section */
	};
	rootObject = 395A94132A51B0F10071FEB8 /* Project object */;
}
